
Microsoft Visual Studio Solution File, Format Version 12.00
# Visual Studio Version 17
VisualStudioVersion = 17.0.32112.339
MinimumVisualStudioVersion = 10.0.40219.1
Project("{FAE04EC0-301F-11D3-BF4B-00C04F79EFBC}") = "List N Array Manipulator (simple version)", "List N Array Manipulator (simple version)\List N Array Manipulator (simple version).csproj", "{BEBBE298-57F2-42B0-B2A2-51C461978D1D}"
EndProject
Global
	GlobalSection(SolutionConfigurationPlatforms) = preSolution
		Debug|Any CPU = Debug|Any CPU
		Release|Any CPU = Release|Any CPU
	EndGlobalSection
	GlobalSection(ProjectConfigurationPlatforms) = postSolution
		{BEBBE298-57F2-42B0-B2A2-51C461978D1D}.Debug|Any CPU.ActiveCfg = Debug|Any CPU
		{BEBBE298-57F2-42B0-B2A2-51C461978D1D}.Debug|Any CPU.Build.0 = Debug|Any CPU
		{BEBBE298-57F2-42B0-B2A2-51C461978D1D}.Release|Any CPU.ActiveCfg = Release|Any CPU
		{BEBBE298-57F2-42B0-B2A2-51C461978D1D}.Release|Any CPU.Build.0 = Release|Any CPU
	EndGlobalSection
	GlobalSection(SolutionProperties) = preSolution
		HideSolutionNode = FALSE
	EndGlobalSection
	GlobalSection(ExtensibilityGlobals) = postSolution
		SolutionGuid = {F8EEFAF1-9D6E-47E0-91B4-B02D66A52806}
	EndGlobalSection
EndGlobal
