
Microsoft Visual Studio Solution File, Format Version 12.00
# Visual Studio Version 17
VisualStudioVersion = 17.0.32112.339
MinimumVisualStudioVersion = 10.0.40219.1
Project("{FAE04EC0-301F-11D3-BF4B-00C04F79EFBC}") = "twoClosestNumberToTarget", "twoClosestNumberToTarget\twoClosestNumberToTarget.csproj", "{30C373CE-65D2-4F9E-B827-29C26B58B829}"
EndProject
Global
	GlobalSection(SolutionConfigurationPlatforms) = preSolution
		Debug|Any CPU = Debug|Any CPU
		Release|Any CPU = Release|Any CPU
	EndGlobalSection
	GlobalSection(ProjectConfigurationPlatforms) = postSolution
		{30C373CE-65D2-4F9E-B827-29C26B58B829}.Debug|Any CPU.ActiveCfg = Debug|Any CPU
		{30C373CE-65D2-4F9E-B827-29C26B58B829}.Debug|Any CPU.Build.0 = Debug|Any CPU
		{30C373CE-65D2-4F9E-B827-29C26B58B829}.Release|Any CPU.ActiveCfg = Release|Any CPU
		{30C373CE-65D2-4F9E-B827-29C26B58B829}.Release|Any CPU.Build.0 = Release|Any CPU
	EndGlobalSection
	GlobalSection(SolutionProperties) = preSolution
		HideSolutionNode = FALSE
	EndGlobalSection
	GlobalSection(ExtensibilityGlobals) = postSolution
		SolutionGuid = {0428DE41-EB71-454B-9A3C-09AF2FBB8AB3}
	EndGlobalSection
EndGlobal
