
Microsoft Visual Studio Solution File, Format Version 12.00
# Visual Studio Version 17
VisualStudioVersion = 17.0.32112.339
MinimumVisualStudioVersion = 10.0.40219.1
Project("{FAE04EC0-301F-11D3-BF4B-00C04F79EFBC}") = "txtpro", "txtpro\txtpro.csproj", "{C9DCBD0C-1D2C-413D-830F-EA739BA59C68}"
EndProject
Global
	GlobalSection(SolutionConfigurationPlatforms) = preSolution
		Debug|Any CPU = Debug|Any CPU
		Release|Any CPU = Release|Any CPU
	EndGlobalSection
	GlobalSection(ProjectConfigurationPlatforms) = postSolution
		{C9DCBD0C-1D2C-413D-830F-EA739BA59C68}.Debug|Any CPU.ActiveCfg = Debug|Any CPU
		{C9DCBD0C-1D2C-413D-830F-EA739BA59C68}.Debug|Any CPU.Build.0 = Debug|Any CPU
		{C9DCBD0C-1D2C-413D-830F-EA739BA59C68}.Release|Any CPU.ActiveCfg = Release|Any CPU
		{C9DCBD0C-1D2C-413D-830F-EA739BA59C68}.Release|Any CPU.Build.0 = Release|Any CPU
	EndGlobalSection
	GlobalSection(SolutionProperties) = preSolution
		HideSolutionNode = FALSE
	EndGlobalSection
	GlobalSection(ExtensibilityGlobals) = postSolution
		SolutionGuid = {9E1CD240-9956-4849-A56C-A8BE3BDA63FD}
	EndGlobalSection
EndGlobal
